// !$*UTF8*$!
{
	archiveVersion = 1;
	classes = {
	};
	objectVersion = 77;
	objects = {

/* Begin PBXContainerItemProxy section */
		292E652B2E152BF800012B80 /* PBXContainerItemProxy */ = {
			isa = PBXContainerItemProxy;
			containerPortal = 292E65122E152BF600012B80 /* Project object */;
			proxyType = 1;
			remoteGlobalIDString = 292E65192E152BF600012B80;
			remoteInfo = TwinmindRecorder;
		};
		292E65352E152BF800012B80 /* PBXContainerItemProxy */ = {
			isa = PBXContainerItemProxy;
			containerPortal = 292E65122E152BF600012B80 /* Project object */;
			proxyType = 1;
			remoteGlobalIDString = 292E65192E152BF600012B80;
			remoteInfo = TwinmindRecorder;
		};
/* End PBXContainerItemProxy section */

/* Begin PBXFileReference section */
		292E651A2E152BF600012B80 /* TwinmindRecorder.app */ = {isa = PBXFileReference; explicitFileType = wrapper.application; includeInIndex = 0; path = TwinmindRecorder.app; sourceTree = BUILT_PRODUCTS_DIR; };
		292E652A2E152BF800012B80 /* TwinmindRecorderTests.xctest */ = {isa = PBXFileReference; explicitFileType = wrapper.cfbundle; includeInIndex = 0; path = TwinmindRecorderTests.xctest; sourceTree = BUILT_PRODUCTS_DIR; };
		292E65342E152BF800012B80 /* TwinmindRecorderUITests.xctest */ = {isa = PBXFileReference; explicitFileType = wrapper.cfbundle; includeInIndex = 0; path = TwinmindRecorderUITests.xctest; sourceTree = BUILT_PRODUCTS_DIR; };
		2942E8A42E15B6D00049A5C0 /* TwinmindRecorder.xctestplan */ = {isa = PBXFileReference; lastKnownFileType = text; path = TwinmindRecorder.xctestplan; sourceTree = "<group>"; };
/* End PBXFileReference section */

/* Begin PBXFileSystemSynchronizedBuildFileExceptionSet section */
		292E65522E15AA9A00012B80 /* Exceptions for "TwinmindRecorder" folder in "TwinmindRecorder" target */ = {
			isa = PBXFileSystemSynchronizedBuildFileExceptionSet;
			membershipExceptions = (
				Info.plist,
			);
			target = 292E65192E152BF600012B80 /* TwinmindRecorder */;
		};
/* End PBXFileSystemSynchronizedBuildFileExceptionSet section */

/* Begin PBXFileSystemSynchronizedRootGroup section */
		292E651C2E152BF600012B80 /* TwinmindRecorder */ = {
			isa = PBXFileSystemSynchronizedRootGroup;
			exceptions = (
				292E65522E15AA9A00012B80 /* Exceptions for "TwinmindRecorder" folder in "TwinmindRecorder" target */,
			);
			path = TwinmindRecorder;
			sourceTree = "<group>";
		};
		292E652D2E152BF800012B80 /* TwinmindRecorderTests */ = {
			isa = PBXFileSystemSynchronizedRootGroup;
			path = TwinmindRecorderTests;
			sourceTree = "<group>";
		};
		292E65372E152BF800012B80 /* TwinmindRecorderUITests */ = {
			isa = PBXFileSystemSynchronizedRootGroup;
			path = TwinmindRecorderUITests;
			sourceTree = "<group>";
		};
/* End PBXFileSystemSynchronizedRootGroup section */

/* Begin PBXFrameworksBuildPhase section */
		292E65172E152BF600012B80 /* Frameworks */ = {
			isa = PBXFrameworksBuildPhase;
			buildActionMask = 2147483647;
			files = (
			);
			runOnlyForDeploymentPostprocessing = 0;
		};
		292E65272E152BF800012B80 /* Frameworks */ = {
			isa = PBXFrameworksBuildPhase;
			buildActionMask = 2147483647;
			files = (
			);
			runOnlyForDeploymentPostprocessing = 0;
		};
		292E65312E152BF800012B80 /* Frameworks */ = {
			isa = PBXFrameworksBuildPhase;
			buildActionMask = 2147483647;
			files = (
			);
			runOnlyForDeploymentPostprocessing = 0;
		};
/* End PBXFrameworksBuildPhase section */

/* Begin PBXGroup section */
		292E65112E152BF600012B80 = {
			isa = PBXGroup;
			children = (
				2942E8A42E15B6D00049A5C0 /* TwinmindRecorder.xctestplan */,
				292E651C2E152BF600012B80 /* TwinmindRecorder */,
				292E652D2E152BF800012B80 /* TwinmindRecorderTests */,
				292E65372E152BF800012B80 /* TwinmindRecorderUITests */,
				292E651B2E152BF600012B80 /* Products */,
			);
			sourceTree = "<group>";
		};
		292E651B2E152BF600012B80 /* Products */ = {
			isa = PBXGroup;
			children = (
				292E651A2E152BF600012B80 /* TwinmindRecorder.app */,
				292E652A2E152BF800012B80 /* TwinmindRecorderTests.xctest */,
				292E65342E152BF800012B80 /* TwinmindRecorderUITests.xctest */,
			);
			name = Products;
			sourceTree = "<group>";
		};
/* End PBXGroup section */

/* Begin PBXNativeTarget section */
		292E65192E152BF600012B80 /* TwinmindRecorder */ = {
			isa = PBXNativeTarget;
			buildConfigurationList = 292E653E2E152BF800012B80 /* Build configuration list for PBXNativeTarget "TwinmindRecorder" */;
			buildPhases = (
				292E65162E152BF600012B80 /* Sources */,
				292E65172E152BF600012B80 /* Frameworks */,
				292E65182E152BF600012B80 /* Resources */,
			);
			buildRules = (
			);
			dependencies = (
			);
			fileSystemSynchronizedGroups = (
				292E651C2E152BF600012B80 /* TwinmindRecorder */,
			);
			name = TwinmindRecorder;
			packageProductDependencies = (
			);
			productName = TwinmindRecorder;
			productReference = 292E651A2E152BF600012B80 /* TwinmindRecorder.app */;
			productType = "com.apple.product-type.application";
		};
		292E65292E152BF800012B80 /* TwinmindRecorderTests */ = {
			isa = PBXNativeTarget;
			buildConfigurationList = 292E65412E152BF800012B80 /* Build configuration list for PBXNativeTarget "TwinmindRecorderTests" */;
			buildPhases = (
				292E65262E152BF800012B80 /* Sources */,
				292E65272E152BF800012B80 /* Frameworks */,
				292E65282E152BF800012B80 /* Resources */,
			);
			buildRules = (
			);
			dependencies = (
				292E652C2E152BF800012B80 /* PBXTargetDependency */,
			);
			fileSystemSynchronizedGroups = (
				292E652D2E152BF800012B80 /* TwinmindRecorderTests */,
			);
			name = TwinmindRecorderTests;
			packageProductDependencies = (
			);
			productName = TwinmindRecorderTests;
			productReference = 292E652A2E152BF800012B80 /* TwinmindRecorderTests.xctest */;
			productType = "com.apple.product-type.bundle.unit-test";
		};
		292E65332E152BF800012B80 /* TwinmindRecorderUITests */ = {
			isa = PBXNativeTarget;
			buildConfigurationList = 292E65442E152BF800012B80 /* Build configuration list for PBXNativeTarget "TwinmindRecorderUITests" */;
			buildPhases = (
				292E65302E152BF800012B80 /* Sources */,
				292E65312E152BF800012B80 /* Frameworks */,
				292E65322E152BF800012B80 /* Resources */,
			);
			buildRules = (
			);
			dependencies = (
				292E65362E152BF800012B80 /* PBXTargetDependency */,
			);
			fileSystemSynchronizedGroups = (
				292E65372E152BF800012B80 /* TwinmindRecorderUITests */,
			);
			name = TwinmindRecorderUITests;
			packageProductDependencies = (
			);
			productName = TwinmindRecorderUITests;
			productReference = 292E65342E152BF800012B80 /* TwinmindRecorderUITests.xctest */;
			productType = "com.apple.product-type.bundle.ui-testing";
		};
/* End PBXNativeTarget section */

/* Begin PBXProject section */
		292E65122E152BF600012B80 /* Project object */ = {
			isa = PBXProject;
			attributes = {
				BuildIndependentTargetsInParallel = 1;
				LastSwiftUpdateCheck = 1610;
				LastUpgradeCheck = 1610;
				TargetAttributes = {
					292E65192E152BF600012B80 = {
						CreatedOnToolsVersion = 16.1;
					};
					292E65292E152BF800012B80 = {
						CreatedOnToolsVersion = 16.1;
						TestTargetID = 292E65192E152BF600012B80;
					};
					292E65332E152BF800012B80 = {
						CreatedOnToolsVersion = 16.1;
						TestTargetID = 292E65192E152BF600012B80;
					};
				};
			};
			buildConfigurationList = 292E65152E152BF600012B80 /* Build configuration list for PBXProject "TwinmindRecorder" */;
			developmentRegion = en;
			hasScannedForEncodings = 0;
			knownRegions = (
				en,
				Base,
			);
			mainGroup = 292E65112E152BF600012B80;
			minimizedProjectReferenceProxies = 1;
			preferredProjectObjectVersion = 77;
			productRefGroup = 292E651B2E152BF600012B80 /* Products */;
			projectDirPath = "";
			projectRoot = "";
			targets = (
				292E65192E152BF600012B80 /* TwinmindRecorder */,
				292E65292E152BF800012B80 /* TwinmindRecorderTests */,
				292E65332E152BF800012B80 /* TwinmindRecorderUITests */,
			);
		};
/* End PBXProject section */

/* Begin PBXResourcesBuildPhase section */
		292E65182E152BF600012B80 /* Resources */ = {
			isa = PBXResourcesBuildPhase;
			buildActionMask = 2147483647;
			files = (
			);
			runOnlyForDeploymentPostprocessing = 0;
		};
		292E65282E152BF800012B80 /* Resources */ = {
			isa = PBXResourcesBuildPhase;
			buildActionMask = 2147483647;
			files = (
			);
			runOnlyForDeploymentPostprocessing = 0;
		};
		292E65322E152BF800012B80 /* Resources */ = {
			isa = PBXResourcesBuildPhase;
			buildActionMask = 2147483647;
			files = (
			);
			runOnlyForDeploymentPostprocessing = 0;
		};
/* End PBXResourcesBuildPhase section */

/* Begin PBXSourcesBuildPhase section */
		292E65162E152BF600012B80 /* Sources */ = {
			isa = PBXSourcesBuildPhase;
			buildActionMask = 2147483647;
			files = (
			);
			runOnlyForDeploymentPostprocessing = 0;
		};
		292E65262E152BF800012B80 /* Sources */ = {
			isa = PBXSourcesBuildPhase;
			buildActionMask = 2147483647;
			files = (
			);
			runOnlyForDeploymentPostprocessing = 0;
		};
		292E65302E152BF800012B80 /* Sources */ = {
			isa = PBXSourcesBuildPhase;
			buildActionMask = 2147483647;
			files = (
			);
			runOnlyForDeploymentPostprocessing = 0;
		};
/* End PBXSourcesBuildPhase section */

/* Begin PBXTargetDependency section */
		292E652C2E152BF800012B80 /* PBXTargetDependency */ = {
			isa = PBXTargetDependency;
			target = 292E65192E152BF600012B80 /* TwinmindRecorder */;
			targetProxy = 292E652B2E152BF800012B80 /* PBXContainerItemProxy */;
		};
		292E65362E152BF800012B80 /* PBXTargetDependency */ = {
			isa = PBXTargetDependency;
			target = 292E65192E152BF600012B80 /* TwinmindRecorder */;
			targetProxy = 292E65352E152BF800012B80 /* PBXContainerItemProxy */;
		};
/* End PBXTargetDependency section */

/* Begin XCBuildConfiguration section */
		292E653C2E152BF800012B80 /* Debug */ = {
			isa = XCBuildConfiguration;
			buildSettings = {
				ALWAYS_SEARCH_USER_PATHS = NO;
				ASSETCATALOG_COMPILER_GENERATE_SWIFT_ASSET_SYMBOL_EXTENSIONS = YES;
				CLANG_ANALYZER_NONNULL = YES;
				CLANG_ANALYZER_NUMBER_OBJECT_CONVERSION = YES_AGGRESSIVE;
				CLANG_CXX_LANGUAGE_STANDARD = "gnu++20";
				CLANG_ENABLE_MODULES = YES;
				CLANG_ENABLE_OBJC_ARC = YES;
				CLANG_ENABLE_OBJC_WEAK = YES;
				CLANG_WARN_BLOCK_CAPTURE_AUTORELEASING = YES;
				CLANG_WARN_BOOL_CONVERSION = YES;
				CLANG_WARN_COMMA = YES;
				CLANG_WARN_CONSTANT_CONVERSION = YES;
				CLANG_WARN_DEPRECATED_OBJC_IMPLEMENTATIONS = YES;
				CLANG_WARN_DIRECT_OBJC_ISA_USAGE = YES_ERROR;
				CLANG_WARN_DOCUMENTATION_COMMENTS = YES;
				CLANG_WARN_EMPTY_BODY = YES;
				CLANG_WARN_ENUM_CONVERSION = YES;
				CLANG_WARN_INFINITE_RECURSION = YES;
				CLANG_WARN_INT_CONVERSION = YES;
				CLANG_WARN_NON_LITERAL_NULL_CONVERSION = YES;
				CLANG_WARN_OBJC_IMPLICIT_RETAIN_SELF = YES;
				CLANG_WARN_OBJC_LITERAL_CONVERSION = YES;
				CLANG_WARN_OBJC_ROOT_CLASS = YES_ERROR;
				CLANG_WARN_QUOTED_INCLUDE_IN_FRAMEWORK_HEADER = YES;
				CLANG_WARN_RANGE_LOOP_ANALYSIS = YES;
				CLANG_WARN_STRICT_PROTOTYPES = YES;
				CLANG_WARN_SUSPICIOUS_MOVE = YES;
				CLANG_WARN_UNGUARDED_AVAILABILITY = YES_AGGRESSIVE;
				CLANG_WARN_UNREACHABLE_CODE = YES;
				CLANG_WARN__DUPLICATE_METHOD_MATCH = YES;
				COPY_PHASE_STRIP = NO;
				DEBUG_INFORMATION_FORMAT = dwarf;
				ENABLE_STRICT_OBJC_MSGSEND = YES;
				ENABLE_TESTABILITY = YES;
				ENABLE_USER_SCRIPT_SANDBOXING = YES;
				GCC_C_LANGUAGE_STANDARD = gnu17;
				GCC_DYNAMIC_NO_PIC = NO;
				GCC_NO_COMMON_BLOCKS = YES;
				GCC_OPTIMIZATION_LEVEL = 0;
				GCC_PREPROCESSOR_DEFINITIONS = (
					"DEBUG=1",
					"$(inherited)",
				);
				GCC_WARN_64_TO_32_BIT_CONVERSION = YES;
				GCC_WARN_ABOUT_RETURN_TYPE = YES_ERROR;
				GCC_WARN_UNDECLARED_SELECTOR = YES;
				GCC_WARN_UNINITIALIZED_AUTOS = YES_AGGRESSIVE;
				GCC_WARN_UNUSED_FUNCTION = YES;
				GCC_WARN_UNUSED_VARIABLE = YES;
				IPHONEOS_DEPLOYMENT_TARGET = 18.1;
				LOCALIZATION_PREFERS_STRING_CATALOGS = YES;
				MTL_ENABLE_DEBUG_INFO = INCLUDE_SOURCE;
				MTL_FAST_MATH = YES;
				ONLY_ACTIVE_ARCH = YES;
				SDKROOT = iphoneos;
				SWIFT_ACTIVE_COMPILATION_CONDITIONS = "DEBUG $(inherited)";
				SWIFT_OPTIMIZATION_LEVEL = "-Onone";
			};
			name = Debug;
		};
		292E653D2E152BF800012B80 /* Release */ = {
			isa = XCBuildConfiguration;
			buildSettings = {
				ALWAYS_SEARCH_USER_PATHS = NO;
				ASSETCATALOG_COMPILER_GENERATE_SWIFT_ASSET_SYMBOL_EXTENSIONS = YES;
				CLANG_ANALYZER_NONNULL = YES;
				CLANG_ANALYZER_NUMBER_OBJECT_CONVERSION = YES_AGGRESSIVE;
				CLANG_CXX_LANGUAGE_STANDARD = "gnu++20";
				CLANG_ENABLE_MODULES = YES;
				CLANG_ENABLE_OBJC_ARC = YES;
				CLANG_ENABLE_OBJC_WEAK = YES;
				CLANG_WARN_BLOCK_CAPTURE_AUTORELEASING = YES;
				CLANG_WARN_BOOL_CONVERSION = YES;
				CLANG_WARN_COMMA = YES;
				CLANG_WARN_CONSTANT_CONVERSION = YES;
				CLANG_WARN_DEPRECATED_OBJC_IMPLEMENTATIONS = YES;
				CLANG_WARN_DIRECT_OBJC_ISA_USAGE = YES_ERROR;
				CLANG_WARN_DOCUMENTATION_COMMENTS = YES;
				CLANG_WARN_EMPTY_BODY = YES;
				CLANG_WARN_ENUM_CONVERSION = YES;
				CLANG_WARN_INFINITE_RECURSION = YES;
				CLANG_WARN_INT_CONVERSION = YES;
				CLANG_WARN_NON_LITERAL_NULL_CONVERSION = YES;
				CLANG_WARN_OBJC_IMPLICIT_RETAIN_SELF = YES;
				CLANG_WARN_OBJC_LITERAL_CONVERSION = YES;
				CLANG_WARN_OBJC_ROOT_CLASS = YES_ERROR;
				CLANG_WARN_QUOTED_INCLUDE_IN_FRAMEWORK_HEADER = YES;
				CLANG_WARN_RANGE_LOOP_ANALYSIS = YES;
				CLANG_WARN_STRICT_PROTOTYPES = YES;
				CLANG_WARN_SUSPICIOUS_MOVE = YES;
				CLANG_WARN_UNGUARDED_AVAILABILITY = YES_AGGRESSIVE;
				CLANG_WARN_UNREACHABLE_CODE = YES;
				CLANG_WARN__DUPLICATE_METHOD_MATCH = YES;
				COPY_PHASE_STRIP = NO;
				DEBUG_INFORMATION_FORMAT = "dwarf-with-dsym";
				ENABLE_NS_ASSERTIONS = NO;
				ENABLE_STRICT_OBJC_MSGSEND = YES;
				ENABLE_USER_SCRIPT_SANDBOXING = YES;
				GCC_C_LANGUAGE_STANDARD = gnu17;
				GCC_NO_COMMON_BLOCKS = YES;
				GCC_WARN_64_TO_32_BIT_CONVERSION = YES;
				GCC_WARN_ABOUT_RETURN_TYPE = YES_ERROR;
				GCC_WARN_UNDECLARED_SELECTOR = YES;
				GCC_WARN_UNINITIALIZED_AUTOS = YES_AGGRESSIVE;
				GCC_WARN_UNUSED_FUNCTION = YES;
				GCC_WARN_UNUSED_VARIABLE = YES;
				IPHONEOS_DEPLOYMENT_TARGET = 18.1;
				LOCALIZATION_PREFERS_STRING_CATALOGS = YES;
				MTL_ENABLE_DEBUG_INFO = NO;
				MTL_FAST_MATH = YES;
				SDKROOT = iphoneos;
				SWIFT_COMPILATION_MODE = wholemodule;
				VALIDATE_PRODUCT = YES;
			};
			name = Release;
		};
		292E653F2E152BF800012B80 /* Debug */ = {
			isa = XCBuildConfiguration;
			buildSettings = {
				ASSETCATALOG_COMPILER_APPICON_NAME = AppIcon;
				ASSETCATALOG_COMPILER_GLOBAL_ACCENT_COLOR_NAME = AccentColor;
				CODE_SIGN_STYLE = Automatic;
				CURRENT_PROJECT_VERSION = 1;
				DEVELOPMENT_ASSET_PATHS = "\"TwinmindRecorder/Preview Content\"";
				DEVELOPMENT_TEAM = LNT99BL4UG;
				ENABLE_PREVIEWS = YES;
				GENERATE_INFOPLIST_FILE = YES;
				INFOPLIST_FILE = TwinmindRecorder/Info.plist;
				INFOPLIST_KEY_NSMicrophoneUsageDescription = "This app needs access to the microphone to record audio for transcription.";
				INFOPLIST_KEY_NSSpeechRecognitionUsageDescription = "This app uses speech recognition to transcribe your audio recordings locally when the remote transcription service is unavailable.";
				INFOPLIST_KEY_UIApplicationSceneManifest_Generation = YES;
				INFOPLIST_KEY_UIApplicationSupportsIndirectInputEvents = YES;
				INFOPLIST_KEY_UILaunchScreen_Generation = YES;
				INFOPLIST_KEY_UISupportedInterfaceOrientations_iPad = "UIInterfaceOrientationPortrait UIInterfaceOrientationPortraitUpsideDown UIInterfaceOrientationLandscapeLeft UIInterfaceOrientationLandscapeRight";
				INFOPLIST_KEY_UISupportedInterfaceOrientations_iPhone = "UIInterfaceOrientationPortrait UIInterfaceOrientationLandscapeLeft UIInterfaceOrientationLandscapeRight";
				LD_RUNPATH_SEARCH_PATHS = (
					"$(inherited)",
					"@executable_path/Frameworks",
				);
				MARKETING_VERSION = 1.0;
				PRODUCT_BUNDLE_IDENTIFIER = first.TwinmindRecorder;
				PRODUCT_NAME = "$(TARGET_NAME)";
				SWIFT_EMIT_LOC_STRINGS = YES;
				SWIFT_VERSION = 5.0;
				TARGETED_DEVICE_FAMILY = "1,2";
			};
			name = Debug;
		};
		292E65402E152BF800012B80 /* Release */ = {
			isa = XCBuildConfiguration;
			buildSettings = {
				ASSETCATALOG_COMPILER_APPICON_NAME = AppIcon;
				ASSETCATALOG_COMPILER_GLOBAL_ACCENT_COLOR_NAME = AccentColor;
				CODE_SIGN_STYLE = Automatic;
				CURRENT_PROJECT_VERSION = 1;
				DEVELOPMENT_ASSET_PATHS = "\"TwinmindRecorder/Preview Content\"";
				DEVELOPMENT_TEAM = LNT99BL4UG;
				ENABLE_PREVIEWS = YES;
				GENERATE_INFOPLIST_FILE = YES;
				INFOPLIST_FILE = TwinmindRecorder/Info.plist;
				INFOPLIST_KEY_NSMicrophoneUsageDescription = "This app needs access to the microphone to record audio for transcription.";
				INFOPLIST_KEY_NSSpeechRecognitionUsageDescription = "This app uses speech recognition to transcribe your audio recordings locally when the remote transcription service is unavailable.";
				INFOPLIST_KEY_UIApplicationSceneManifest_Generation = YES;
				INFOPLIST_KEY_UIApplicationSupportsIndirectInputEvents = YES;
				INFOPLIST_KEY_UILaunchScreen_Generation = YES;
				INFOPLIST_KEY_UISupportedInterfaceOrientations_iPad = "UIInterfaceOrientationPortrait UIInterfaceOrientationPortraitUpsideDown UIInterfaceOrientationLandscapeLeft UIInterfaceOrientationLandscapeRight";
				INFOPLIST_KEY_UISupportedInterfaceOrientations_iPhone = "UIInterfaceOrientationPortrait UIInterfaceOrientationLandscapeLeft UIInterfaceOrientationLandscapeRight";
				LD_RUNPATH_SEARCH_PATHS = (
					"$(inherited)",
					"@executable_path/Frameworks",
				);
				MARKETING_VERSION = 1.0;
				PRODUCT_BUNDLE_IDENTIFIER = first.TwinmindRecorder;
				PRODUCT_NAME = "$(TARGET_NAME)";
				SWIFT_EMIT_LOC_STRINGS = YES;
				SWIFT_VERSION = 5.0;
				TARGETED_DEVICE_FAMILY = "1,2";
			};
			name = Release;
		};
		292E65422E152BF800012B80 /* Debug */ = {
			isa = XCBuildConfiguration;
			buildSettings = {
				BUNDLE_LOADER = "$(TEST_HOST)";
				CODE_SIGN_STYLE = Automatic;
				CURRENT_PROJECT_VERSION = 1;
				DEVELOPMENT_TEAM = LNT99BL4UG;
				GENERATE_INFOPLIST_FILE = YES;
				IPHONEOS_DEPLOYMENT_TARGET = 18.1;
				MARKETING_VERSION = 1.0;
				PRODUCT_BUNDLE_IDENTIFIER = first.TwinmindRecorderTests;
				PRODUCT_NAME = "$(TARGET_NAME)";
				SWIFT_EMIT_LOC_STRINGS = NO;
				SWIFT_VERSION = 5.0;
				TARGETED_DEVICE_FAMILY = "1,2";
				TEST_HOST = "$(BUILT_PRODUCTS_DIR)/TwinmindRecorder.app/$(BUNDLE_EXECUTABLE_FOLDER_PATH)/TwinmindRecorder";
			};
			name = Debug;
		};
		292E65432E152BF800012B80 /* Release */ = {
			isa = XCBuildConfiguration;
			buildSettings = {
				BUNDLE_LOADER = "$(TEST_HOST)";
				CODE_SIGN_STYLE = Automatic;
				CURRENT_PROJECT_VERSION = 1;
				DEVELOPMENT_TEAM = LNT99BL4UG;
				GENERATE_INFOPLIST_FILE = YES;
				IPHONEOS_DEPLOYMENT_TARGET = 18.1;
				MARKETING_VERSION = 1.0;
				PRODUCT_BUNDLE_IDENTIFIER = first.TwinmindRecorderTests;
				PRODUCT_NAME = "$(TARGET_NAME)";
				SWIFT_EMIT_LOC_STRINGS = NO;
				SWIFT_VERSION = 5.0;
				TARGETED_DEVICE_FAMILY = "1,2";
				TEST_HOST = "$(BUILT_PRODUCTS_DIR)/TwinmindRecorder.app/$(BUNDLE_EXECUTABLE_FOLDER_PATH)/TwinmindRecorder";
			};
			name = Release;
		};
		292E65452E152BF800012B80 /* Debug */ = {
			isa = XCBuildConfiguration;
			buildSettings = {
				CODE_SIGN_STYLE = Automatic;
				CURRENT_PROJECT_VERSION = 1;
				DEVELOPMENT_TEAM = LNT99BL4UG;
				GENERATE_INFOPLIST_FILE = YES;
				MARKETING_VERSION = 1.0;
				PRODUCT_BUNDLE_IDENTIFIER = first.TwinmindRecorderUITests;
				PRODUCT_NAME = "$(TARGET_NAME)";
				SWIFT_EMIT_LOC_STRINGS = NO;
				SWIFT_VERSION = 5.0;
				TARGETED_DEVICE_FAMILY = "1,2";
				TEST_TARGET_NAME = TwinmindRecorder;
			};
			name = Debug;
		};
		292E65462E152BF800012B80 /* Release */ = {
			isa = XCBuildConfiguration;
			buildSettings = {
				CODE_SIGN_STYLE = Automatic;
				CURRENT_PROJECT_VERSION = 1;
				DEVELOPMENT_TEAM = LNT99BL4UG;
				GENERATE_INFOPLIST_FILE = YES;
				MARKETING_VERSION = 1.0;
				PRODUCT_BUNDLE_IDENTIFIER = first.TwinmindRecorderUITests;
				PRODUCT_NAME = "$(TARGET_NAME)";
				SWIFT_EMIT_LOC_STRINGS = NO;
				SWIFT_VERSION = 5.0;
				TARGETED_DEVICE_FAMILY = "1,2";
				TEST_TARGET_NAME = TwinmindRecorder;
			};
			name = Release;
		};
/* End XCBuildConfiguration section */

/* Begin XCConfigurationList section */
		292E65152E152BF600012B80 /* Build configuration list for PBXProject "TwinmindRecorder" */ = {
			isa = XCConfigurationList;
			buildConfigurations = (
				292E653C2E152BF800012B80 /* Debug */,
				292E653D2E152BF800012B80 /* Release */,
			);
			defaultConfigurationIsVisible = 0;
			defaultConfigurationName = Release;
		};
		292E653E2E152BF800012B80 /* Build configuration list for PBXNativeTarget "TwinmindRecorder" */ = {
			isa = XCConfigurationList;
			buildConfigurations = (
				292E653F2E152BF800012B80 /* Debug */,
				292E65402E152BF800012B80 /* Release */,
			);
			defaultConfigurationIsVisible = 0;
			defaultConfigurationName = Release;
		};
		292E65412E152BF800012B80 /* Build configuration list for PBXNativeTarget "TwinmindRecorderTests" */ = {
			isa = XCConfigurationList;
			buildConfigurations = (
				292E65422E152BF800012B80 /* Debug */,
				292E65432E152BF800012B80 /* Release */,
			);
			defaultConfigurationIsVisible = 0;
			defaultConfigurationName = Release;
		};
		292E65442E152BF800012B80 /* Build configuration list for PBXNativeTarget "TwinmindRecorderUITests" */ = {
			isa = XCConfigurationList;
			buildConfigurations = (
				292E65452E152BF800012B80 /* Debug */,
				292E65462E152BF800012B80 /* Release */,
			);
			defaultConfigurationIsVisible = 0;
			defaultConfigurationName = Release;
		};
/* End XCConfigurationList section */
	};
	rootObject = 292E65122E152BF600012B80 /* Project object */;
}
